ruff==0.15.4 \
    --hash=sha256:04196ad44f0df220c2ece5b0e959c2f37c777375ec744397d21d15b50a75264f \
    --hash=sha256:451a2e224151729b3b6c9ffb36aed9091b2996fe4bdbd11f47e27d8f2e8888ec \
    --hash=sha256:5a9248f7650945c70ee1a9ad6f36d6b38a3e9d50a9750cb07731a0b3e35fa8da \
    --hash=sha256:a4386ba2cd6c0f4ff75252845906acc7c7c8e1ac567b7bc3d373686ac8c222ba \
    --hash=sha256:b2496488bdfd3732747558b6f95ae427ff066d1fcd054daf75f5a50674411e75
